{
  "nodes": {
    "emacs-overlay": {
      "locked": {
        "lastModified": 1635614414,
        "narHash": "sha256-+7SeAvf5uwp+V4VUXEVPR/ZLWnqFXled+4Wa7VQ3KOI=",
        "owner": "nix-community",
        "repo": "emacs-overlay",
        "rev": "a25d0d4604f49f9044eb9f2be21cccebe6ddabff",
        "type": "github"
      },
      "original": {
        "owner": "nix-community",
        "repo": "emacs-overlay",
        "type": "github"
      }
    },
    "home-manager": {
      "inputs": {
        "nixpkgs": [
          "nixpkgs"
        ]
      },
      "locked": {
        "lastModified": 1635629446,
        "narHash": "sha256-rx7fVVjEdq/Be5uUw7CHwInGTZxPcCw2q/Ag31w56+4=",
        "owner": "nix-community",
        "repo": "home-manager",
        "rev": "71902bc913ccc36baa9ac18dd9b84117a34a36b0",
        "type": "github"
      },
      "original": {
        "owner": "nix-community",
        "repo": "home-manager",
        "type": "github"
      }
    },
    "nixpkgs": {
      "locked": {
        "lastModified": 1635544589,
        "narHash": "sha256-v6PTartv2TlsntrCz9YFIdRU6ihPKFvrEfKK2BSFOoE=",
        "owner": "nixos",
        "repo": "nixpkgs",
        "rev": "47b36ad103aeff17f9be6fb7b4847d63d53f227a",
        "type": "github"
      },
      "original": {
        "owner": "nixos",
        "ref": "nixpkgs-unstable",
        "repo": "nixpkgs",
        "type": "github"
      }
    },
    "root": {
      "inputs": {
        "emacs-overlay": "emacs-overlay",
        "home-manager": "home-manager",
        "nixpkgs": "nixpkgs"
      }
    }
  },
  "root": "root",
  "version": 7
}
