{
  "nodes": {
    "emacs-overlay": {
      "locked": {
        "lastModified": 1635010297,
        "narHash": "sha256-HJWl63oHJ3ak8ejlSkX+an4jW0wrXVtblRbGag9HS7U=",
        "owner": "nix-community",
        "repo": "emacs-overlay",
        "rev": "369f0b78c4388dcc0c4d9adb4b473ceb5f4f4faa",
        "type": "github"
      },
      "original": {
        "owner": "nix-community",
        "repo": "emacs-overlay",
        "type": "github"
      }
    },
    "home-manager": {
      "inputs": {
        "nixpkgs": [
          "nixpkgs"
        ]
      },
      "locked": {
        "lastModified": 1634544068,
        "narHash": "sha256-RlRQBaAHfdWqfRyHdWuDPMkplBTYwuyDQqDcNbP/Sog=",
        "owner": "nix-community",
        "repo": "home-manager",
        "rev": "ff2bed9dac84fb202bbb3c49fdcfe30c29d0b12f",
        "type": "github"
      },
      "original": {
        "owner": "nix-community",
        "ref": "release-21.05",
        "repo": "home-manager",
        "type": "github"
      }
    },
    "nixpkgs": {
      "locked": {
        "lastModified": 1635024461,
        "narHash": "sha256-yUU86lOsqqe/qI2pItEJGxx87cHeJiEJhDZvAXvrqfQ=",
        "owner": "nixos",
        "repo": "nixpkgs",
        "rev": "95eed9b64eee24975b880308065654fd059f22c3",
        "type": "github"
      },
      "original": {
        "owner": "nixos",
        "ref": "release-21.05",
        "repo": "nixpkgs",
        "type": "github"
      }
    },
    "root": {
      "inputs": {
        "emacs-overlay": "emacs-overlay",
        "home-manager": "home-manager",
        "nixpkgs": "nixpkgs"
      }
    }
  },
  "root": "root",
  "version": 7
}
