{
  "nodes": {
    "emacs-overlay": {
      "locked": {
        "lastModified": 1623317182,
        "narHash": "sha256-LyGwPjNN2mRrEM2qKwc59oRPGsvkSB0K0udRi6HyrUU=",
        "owner": "nix-community",
        "repo": "emacs-overlay",
        "rev": "494ca21216531e987939106313daf97917d61cd7",
        "type": "github"
      },
      "original": {
        "owner": "nix-community",
        "repo": "emacs-overlay",
        "type": "github"
      }
    },
    "home-manager": {
      "inputs": {
        "nixpkgs": [
          "nixpkgs"
        ]
      },
      "locked": {
        "lastModified": 1623015085,
        "narHash": "sha256-UB+xeEL03L63IkRONFx9fIqdjALe1qbeKgFM/d+HSak=",
        "owner": "nix-community",
        "repo": "home-manager",
        "rev": "afb5fd962cdd122b70a7c0f3ad78c8ec6a75766b",
        "type": "github"
      },
      "original": {
        "owner": "nix-community",
        "repo": "home-manager",
        "type": "github"
      }
    },
    "nixpkgs": {
      "locked": {
        "lastModified": 1622059058,
        "narHash": "sha256-t1/ZMtyxClVSfcV4Pt5C1YpkeJ/UwFF3oitLD7Ch/UA=",
        "owner": "nixos",
        "repo": "nixpkgs",
        "rev": "84aa23742f6c72501f9cc209f29c438766f5352d",
        "type": "github"
      },
      "original": {
        "owner": "nixos",
        "ref": "nixpkgs-unstable",
        "repo": "nixpkgs",
        "type": "github"
      }
    },
    "root": {
      "inputs": {
        "emacs-overlay": "emacs-overlay",
        "home-manager": "home-manager",
        "nixpkgs": "nixpkgs"
      }
    }
  },
  "root": "root",
  "version": 7
}
