{
  "nodes": {
    "nixpkgs": {
      "locked": {
        "lastModified": 1618750622,
        "narHash": "sha256-AfRXbXH1t7WgDiHt+CWofoLuy12nfFTY4pZoGfPueQo=",
        "owner": "nixos",
        "repo": "nixpkgs",
        "rev": "b2a189a8618fc1ba61593016fe5699b38971b89f",
        "type": "github"
      },
      "original": {
        "owner": "nixos",
        "ref": "nixos-20.09",
        "repo": "nixpkgs",
        "type": "github"
      }
    },
    "root": {
      "inputs": {
        "nixpkgs": "nixpkgs"
      }
    }
  },
  "root": "root",
  "version": 7
}
