{
  "nodes": {
    "nixpkgs": {
      "locked": {
        "lastModified": 1619893517,
        "narHash": "sha256-lB4LCA2LAHMgq6LXOE4iBItXadscTrorOn1GlD2YLkQ=",
        "owner": "nixos",
        "repo": "nixpkgs",
        "rev": "2685792d396d82cec5f68e33719055f862991179",
        "type": "github"
      },
      "original": {
        "owner": "nixos",
        "ref": "nixos-20.09",
        "repo": "nixpkgs",
        "type": "github"
      }
    },
    "root": {
      "inputs": {
        "nixpkgs": "nixpkgs"
      }
    }
  },
  "root": "root",
  "version": 7
}
