{
  "nodes": {
    "nixpkgs": {
      "locked": {
        "lastModified": 1619211752,
        "narHash": "sha256-NhokZCyPP7TfEI6C7qDJoI4ytdrAwYFPjFpJJ0ym/Ps=",
        "owner": "nixos",
        "repo": "nixpkgs",
        "rev": "63adedf6319bc1f9d9e94cc1cfe95c3dae19f7e0",
        "type": "github"
      },
      "original": {
        "owner": "nixos",
        "ref": "nixos-20.09",
        "repo": "nixpkgs",
        "type": "github"
      }
    },
    "root": {
      "inputs": {
        "nixpkgs": "nixpkgs"
      }
    }
  },
  "root": "root",
  "version": 7
}
