{
  "nodes": {
    "emacs-overlay": {
      "locked": {
        "lastModified": 1619978087,
        "narHash": "sha256-M9poJwCBFqR3ShKSMAqAetPUVFAUrMOWDd9KNsZR8IY=",
        "owner": "nix-community",
        "repo": "emacs-overlay",
        "rev": "f5d26cf242c781bdd7bee13cce05a09c7db71c98",
        "type": "github"
      },
      "original": {
        "owner": "nix-community",
        "repo": "emacs-overlay",
        "type": "github"
      }
    },
    "home-manager": {
      "inputs": {
        "nixpkgs": [
          "nixpkgs"
        ]
      },
      "locked": {
        "lastModified": 1618789951,
        "narHash": "sha256-EoQxcVIiaqjUwwTl1YF3zGnXtzEvOUDL3SBZ8ASELvU=",
        "owner": "nix-community",
        "repo": "home-manager",
        "rev": "6aa6556bcab6dc0f6398b4daa8404d788fd7a6a2",
        "type": "github"
      },
      "original": {
        "owner": "nix-community",
        "repo": "home-manager",
        "type": "github"
      }
    },
    "nixpkgs": {
      "locked": {
        "lastModified": 1619952217,
        "narHash": "sha256-aVNEczJnBtwaJ8AyWJNUOUvbXPShkhvP6GY3kZZNZmo=",
        "owner": "nixos",
        "repo": "nixpkgs",
        "rev": "219cbedb694ec54a081f53465ba7c8ef49227591",
        "type": "github"
      },
      "original": {
        "owner": "nixos",
        "ref": "nixpkgs-unstable",
        "repo": "nixpkgs",
        "type": "github"
      }
    },
    "root": {
      "inputs": {
        "emacs-overlay": "emacs-overlay",
        "home-manager": "home-manager",
        "nixpkgs": "nixpkgs"
      }
    }
  },
  "root": "root",
  "version": 7
}
