{
  "nodes": {
    "emacs-overlay": {
      "locked": {
        "lastModified": 1620846214,
        "narHash": "sha256-UUXiIh+WvxKlAoH2pwD1N53AIKMRh5xG+fu6Sze+55w=",
        "owner": "nix-community",
        "repo": "emacs-overlay",
        "rev": "056fa116d903c28e9a6989be1b40132fdb6bf0fe",
        "type": "github"
      },
      "original": {
        "owner": "nix-community",
        "repo": "emacs-overlay",
        "type": "github"
      }
    },
    "home-manager": {
      "inputs": {
        "nixpkgs": [
          "nixpkgs"
        ]
      },
      "locked": {
        "lastModified": 1620692082,
        "narHash": "sha256-s/eBXs4OI47yPWNTKoAg4f/H7wMLyO+VEMmobXkzfI8=",
        "owner": "nix-community",
        "repo": "home-manager",
        "rev": "23769994e8f7b212d9a257799173b120ed87736b",
        "type": "github"
      },
      "original": {
        "owner": "nix-community",
        "repo": "home-manager",
        "type": "github"
      }
    },
    "nixpkgs": {
      "locked": {
        "lastModified": 1620838695,
        "narHash": "sha256-Eb3xr6aWt3lF8BgmZCgVJXy/ArmudeJXONGSqaSLfP0=",
        "owner": "nixos",
        "repo": "nixpkgs",
        "rev": "acd49fab8ece11a89ef8ee49903e1cd7bb50f4b7",
        "type": "github"
      },
      "original": {
        "owner": "nixos",
        "ref": "nixpkgs-unstable",
        "repo": "nixpkgs",
        "type": "github"
      }
    },
    "root": {
      "inputs": {
        "emacs-overlay": "emacs-overlay",
        "home-manager": "home-manager",
        "nixpkgs": "nixpkgs"
      }
    }
  },
  "root": "root",
  "version": 7
}
